
Microsoft Visual Studio Solution File, Format Version 12.00
Project("{FAE04EC0-301F-11D3-BF4B-00C04F79EFBC}") = "Meteor", "Meteor\Meteor.csproj", "{4CFDA5A1-34DF-4E80-8A79-3ED2699C9046}"
EndProject
Project("{FAE04EC0-301F-11D3-BF4B-00C04F79EFBC}") = "Meteor.Test", "Meteor.Test\Meteor.Test.csproj", "{E95C8615-0EFD-4950-AA25-41D0838B07E2}"
EndProject
Project("{FAE04EC0-301F-11D3-BF4B-00C04F79EFBC}") = "test", "test\test.csproj", "{BF2C4E20-E638-4EF1-AFD1-52E12CA577AD}"
EndProject
Global
	GlobalSection(SolutionConfigurationPlatforms) = preSolution
		Debug|Any CPU = Debug|Any CPU
		Release|Any CPU = Release|Any CPU
	EndGlobalSection
	GlobalSection(ProjectConfigurationPlatforms) = postSolution
		{4CFDA5A1-34DF-4E80-8A79-3ED2699C9046}.Debug|Any CPU.ActiveCfg = Debug|Any CPU
		{4CFDA5A1-34DF-4E80-8A79-3ED2699C9046}.Debug|Any CPU.Build.0 = Debug|Any CPU
		{4CFDA5A1-34DF-4E80-8A79-3ED2699C9046}.Release|Any CPU.ActiveCfg = Release|Any CPU
		{4CFDA5A1-34DF-4E80-8A79-3ED2699C9046}.Release|Any CPU.Build.0 = Release|Any CPU
		{E95C8615-0EFD-4950-AA25-41D0838B07E2}.Debug|Any CPU.ActiveCfg = Debug|Any CPU
		{E95C8615-0EFD-4950-AA25-41D0838B07E2}.Debug|Any CPU.Build.0 = Debug|Any CPU
		{E95C8615-0EFD-4950-AA25-41D0838B07E2}.Release|Any CPU.ActiveCfg = Release|Any CPU
		{E95C8615-0EFD-4950-AA25-41D0838B07E2}.Release|Any CPU.Build.0 = Release|Any CPU
		{BF2C4E20-E638-4EF1-AFD1-52E12CA577AD}.Debug|Any CPU.ActiveCfg = Debug|Any CPU
		{BF2C4E20-E638-4EF1-AFD1-52E12CA577AD}.Debug|Any CPU.Build.0 = Debug|Any CPU
		{BF2C4E20-E638-4EF1-AFD1-52E12CA577AD}.Release|Any CPU.ActiveCfg = Release|Any CPU
		{BF2C4E20-E638-4EF1-AFD1-52E12CA577AD}.Release|Any CPU.Build.0 = Release|Any CPU
	EndGlobalSection
EndGlobal
